
Microsoft Visual Studio Solution File, Format Version 11.00
# Visual Studio 2010
Project("{FAE04EC0-301F-11D3-BF4B-00C04F79EFBC}") = "Assembly-CSharp", "Assembly-CSharp.csproj", "{E767AF27-F27A-AF49-8BC5-3A3399768757}"
EndProject
Project("{FAE04EC0-301F-11D3-BF4B-00C04F79EFBC}") = "Assembly-CSharp-Editor", "Assembly-CSharp-Editor.csproj", "{1D37C2C4-D064-6881-7B3B-DE45F5EF3531}"
EndProject
Global
	GlobalSection(SolutionConfigurationPlatforms) = preSolution
		Debug|Any CPU = Debug|Any CPU
		Release|Any CPU = Release|Any CPU
	EndGlobalSection
	GlobalSection(ProjectConfigurationPlatforms) = postSolution
		{E767AF27-F27A-AF49-8BC5-3A3399768757}.Debug|Any CPU.ActiveCfg = Debug|Any CPU
		{E767AF27-F27A-AF49-8BC5-3A3399768757}.Debug|Any CPU.Build.0 = Debug|Any CPU
		{E767AF27-F27A-AF49-8BC5-3A3399768757}.Release|Any CPU.ActiveCfg = Release|Any CPU
		{E767AF27-F27A-AF49-8BC5-3A3399768757}.Release|Any CPU.Build.0 = Release|Any CPU
		{1D37C2C4-D064-6881-7B3B-DE45F5EF3531}.Debug|Any CPU.ActiveCfg = Debug|Any CPU
		{1D37C2C4-D064-6881-7B3B-DE45F5EF3531}.Debug|Any CPU.Build.0 = Debug|Any CPU
		{1D37C2C4-D064-6881-7B3B-DE45F5EF3531}.Release|Any CPU.ActiveCfg = Release|Any CPU
		{1D37C2C4-D064-6881-7B3B-DE45F5EF3531}.Release|Any CPU.Build.0 = Release|Any CPU
	EndGlobalSection
	GlobalSection(SolutionProperties) = preSolution
		HideSolutionNode = FALSE
	EndGlobalSection
	GlobalSection(MonoDevelopProperties) = preSolution
		StartupItem = Assembly-CSharp.csproj
	EndGlobalSection
EndGlobal
